
Microsoft Visual Studio Solution File, Format Version 12.00
# Visual Studio Version 17
VisualStudioVersion = 17.4.33110.190
MinimumVisualStudioVersion = 10.0.40219.1
Project("{FAE04EC0-301F-11D3-BF4B-00C04F79EFBC}") = "net7Api", "net7Api\net7Api.csproj", "{079429D1-1CBA-4561-BC34-C2C4B6F190F5}"
EndProject
Global
	GlobalSection(SolutionConfigurationPlatforms) = preSolution
		Debug|Any CPU = Debug|Any CPU
		Release|Any CPU = Release|Any CPU
	EndGlobalSection
	GlobalSection(ProjectConfigurationPlatforms) = postSolution
		{079429D1-1CBA-4561-BC34-C2C4B6F190F5}.Debug|Any CPU.ActiveCfg = Debug|Any CPU
		{079429D1-1CBA-4561-BC34-C2C4B6F190F5}.Debug|Any CPU.Build.0 = Debug|Any CPU
		{079429D1-1CBA-4561-BC34-C2C4B6F190F5}.Release|Any CPU.ActiveCfg = Release|Any CPU
		{079429D1-1CBA-4561-BC34-C2C4B6F190F5}.Release|Any CPU.Build.0 = Release|Any CPU
	EndGlobalSection
	GlobalSection(SolutionProperties) = preSolution
		HideSolutionNode = FALSE
	EndGlobalSection
	GlobalSection(ExtensibilityGlobals) = postSolution
		SolutionGuid = {224F638F-F09B-49D2-A897-B26CA9111A11}
	EndGlobalSection
EndGlobal
